// !$*UTF8*$!
{
	archiveVersion = 1;
	classes = {
	};
	objectVersion = 56;
	objects = {

/* Begin PBXBuildFile section */
		CAF5A22929E7EA3F004C5110 /* dingerApp.swift in Sources */ = {isa = PBXBuildFile; fileRef = CAF5A22829E7EA3F004C5110 /* dingerApp.swift */; };
		CAF5A22B29E7EA3F004C5110 /* ContentView.swift in Sources */ = {isa = PBXBuildFile; fileRef = CAF5A22A29E7EA3F004C5110 /* ContentView.swift */; };
		CAF5A22D29E7EA41004C5110 /* Assets.xcassets in Resources */ = {isa = PBXBuildFile; fileRef = CAF5A22C29E7EA41004C5110 /* Assets.xcassets */; };
		CAF5A23029E7EA41004C5110 /* Preview Assets.xcassets in Resources */ = {isa = PBXBuildFile; fileRef = CAF5A22F29E7EA41004C5110 /* Preview Assets.xcassets */; };
		CAF5A23229E7EA41004C5110 /* Persistence.swift in Sources */ = {isa = PBXBuildFile; fileRef = CAF5A23129E7EA41004C5110 /* Persistence.swift */; };
		CAF5A23529E7EA41004C5110 /* dinger.xcdatamodeld in Sources */ = {isa = PBXBuildFile; fileRef = CAF5A23329E7EA41004C5110 /* dinger.xcdatamodeld */; };
		CAF5A23F29E7EA42004C5110 /* dingerTests.swift in Sources */ = {isa = PBXBuildFile; fileRef = CAF5A23E29E7EA42004C5110 /* dingerTests.swift */; };
		CAF5A24929E7EA42004C5110 /* dingerUITests.swift in Sources */ = {isa = PBXBuildFile; fileRef = CAF5A24829E7EA42004C5110 /* dingerUITests.swift */; };
		CAF5A24B29E7EA42004C5110 /* dingerUITestsLaunchTests.swift in Sources */ = {isa = PBXBuildFile; fileRef = CAF5A24A29E7EA42004C5110 /* dingerUITestsLaunchTests.swift */; };
		CAF5A25829E7FBDD004C5110 /* AddItemView.swift in Sources */ = {isa = PBXBuildFile; fileRef = CAF5A25729E7FBDD004C5110 /* AddItemView.swift */; };
		CAF5A25B29E810D8004C5110 /* Item+CoreDataClass.swift in Sources */ = {isa = PBXBuildFile; fileRef = CAF5A25929E810D8004C5110 /* Item+CoreDataClass.swift */; };
		CAF5A25C29E810D8004C5110 /* Item+CoreDataProperties.swift in Sources */ = {isa = PBXBuildFile; fileRef = CAF5A25A29E810D8004C5110 /* Item+CoreDataProperties.swift */; };
/* End PBXBuildFile section */

/* Begin PBXContainerItemProxy section */
		CAF5A23B29E7EA41004C5110 /* PBXContainerItemProxy */ = {
			isa = PBXContainerItemProxy;
			containerPortal = CAF5A21D29E7EA3F004C5110 /* Project object */;
			proxyType = 1;
			remoteGlobalIDString = CAF5A22429E7EA3F004C5110;
			remoteInfo = dinger;
		};
		CAF5A24529E7EA42004C5110 /* PBXContainerItemProxy */ = {
			isa = PBXContainerItemProxy;
			containerPortal = CAF5A21D29E7EA3F004C5110 /* Project object */;
			proxyType = 1;
			remoteGlobalIDString = CAF5A22429E7EA3F004C5110;
			remoteInfo = dinger;
		};
/* End PBXContainerItemProxy section */

/* Begin PBXFileReference section */
		CAF5A22529E7EA3F004C5110 /* dinger.app */ = {isa = PBXFileReference; explicitFileType = wrapper.application; includeInIndex = 0; path = dinger.app; sourceTree = BUILT_PRODUCTS_DIR; };
		CAF5A22829E7EA3F004C5110 /* dingerApp.swift */ = {isa = PBXFileReference; lastKnownFileType = sourcecode.swift; path = dingerApp.swift; sourceTree = "<group>"; };
		CAF5A22A29E7EA3F004C5110 /* ContentView.swift */ = {isa = PBXFileReference; lastKnownFileType = sourcecode.swift; path = ContentView.swift; sourceTree = "<group>"; };
		CAF5A22C29E7EA41004C5110 /* Assets.xcassets */ = {isa = PBXFileReference; lastKnownFileType = folder.assetcatalog; path = Assets.xcassets; sourceTree = "<group>"; };
		CAF5A22F29E7EA41004C5110 /* Preview Assets.xcassets */ = {isa = PBXFileReference; lastKnownFileType = folder.assetcatalog; path = "Preview Assets.xcassets"; sourceTree = "<group>"; };
		CAF5A23129E7EA41004C5110 /* Persistence.swift */ = {isa = PBXFileReference; lastKnownFileType = sourcecode.swift; path = Persistence.swift; sourceTree = "<group>"; };
		CAF5A23429E7EA41004C5110 /* dinger.xcdatamodel */ = {isa = PBXFileReference; lastKnownFileType = wrapper.xcdatamodel; path = dinger.xcdatamodel; sourceTree = "<group>"; };
		CAF5A23A29E7EA41004C5110 /* dingerTests.xctest */ = {isa = PBXFileReference; explicitFileType = wrapper.cfbundle; includeInIndex = 0; path = dingerTests.xctest; sourceTree = BUILT_PRODUCTS_DIR; };
		CAF5A23E29E7EA42004C5110 /* dingerTests.swift */ = {isa = PBXFileReference; lastKnownFileType = sourcecode.swift; path = dingerTests.swift; sourceTree = "<group>"; };
		CAF5A24429E7EA42004C5110 /* dingerUITests.xctest */ = {isa = PBXFileReference; explicitFileType = wrapper.cfbundle; includeInIndex = 0; path = dingerUITests.xctest; sourceTree = BUILT_PRODUCTS_DIR; };
		CAF5A24829E7EA42004C5110 /* dingerUITests.swift */ = {isa = PBXFileReference; lastKnownFileType = sourcecode.swift; path = dingerUITests.swift; sourceTree = "<group>"; };
		CAF5A24A29E7EA42004C5110 /* dingerUITestsLaunchTests.swift */ = {isa = PBXFileReference; lastKnownFileType = sourcecode.swift; path = dingerUITestsLaunchTests.swift; sourceTree = "<group>"; };
		CAF5A25729E7FBDD004C5110 /* AddItemView.swift */ = {isa = PBXFileReference; lastKnownFileType = sourcecode.swift; path = AddItemView.swift; sourceTree = "<group>"; };
		CAF5A25929E810D8004C5110 /* Item+CoreDataClass.swift */ = {isa = PBXFileReference; lastKnownFileType = sourcecode.swift; path = "Item+CoreDataClass.swift"; sourceTree = "<group>"; };
		CAF5A25A29E810D8004C5110 /* Item+CoreDataProperties.swift */ = {isa = PBXFileReference; lastKnownFileType = sourcecode.swift; path = "Item+CoreDataProperties.swift"; sourceTree = "<group>"; };
/* End PBXFileReference section */

/* Begin PBXFrameworksBuildPhase section */
		CAF5A22229E7EA3F004C5110 /* Frameworks */ = {
			isa = PBXFrameworksBuildPhase;
			buildActionMask = 2147483647;
			files = (
			);
			runOnlyForDeploymentPostprocessing = 0;
		};
		CAF5A23729E7EA41004C5110 /* Frameworks */ = {
			isa = PBXFrameworksBuildPhase;
			buildActionMask = 2147483647;
			files = (
			);
			runOnlyForDeploymentPostprocessing = 0;
		};
		CAF5A24129E7EA42004C5110 /* Frameworks */ = {
			isa = PBXFrameworksBuildPhase;
			buildActionMask = 2147483647;
			files = (
			);
			runOnlyForDeploymentPostprocessing = 0;
		};
/* End PBXFrameworksBuildPhase section */

/* Begin PBXGroup section */
		CAF5A21C29E7EA3F004C5110 = {
			isa = PBXGroup;
			children = (
				CAF5A22729E7EA3F004C5110 /* dinger */,
				CAF5A23D29E7EA42004C5110 /* dingerTests */,
				CAF5A24729E7EA42004C5110 /* dingerUITests */,
				CAF5A22629E7EA3F004C5110 /* Products */,
			);
			sourceTree = "<group>";
		};
		CAF5A22629E7EA3F004C5110 /* Products */ = {
			isa = PBXGroup;
			children = (
				CAF5A22529E7EA3F004C5110 /* dinger.app */,
				CAF5A23A29E7EA41004C5110 /* dingerTests.xctest */,
				CAF5A24429E7EA42004C5110 /* dingerUITests.xctest */,
			);
			name = Products;
			sourceTree = "<group>";
		};
		CAF5A22729E7EA3F004C5110 /* dinger */ = {
			isa = PBXGroup;
			children = (
				CAF5A25D29E810E1004C5110 /* CoreData */,
				CAF5A22829E7EA3F004C5110 /* dingerApp.swift */,
				CAF5A22A29E7EA3F004C5110 /* ContentView.swift */,
				CAF5A25729E7FBDD004C5110 /* AddItemView.swift */,
				CAF5A22C29E7EA41004C5110 /* Assets.xcassets */,
				CAF5A23129E7EA41004C5110 /* Persistence.swift */,
				CAF5A22E29E7EA41004C5110 /* Preview Content */,
			);
			path = dinger;
			sourceTree = "<group>";
		};
		CAF5A22E29E7EA41004C5110 /* Preview Content */ = {
			isa = PBXGroup;
			children = (
				CAF5A22F29E7EA41004C5110 /* Preview Assets.xcassets */,
			);
			path = "Preview Content";
			sourceTree = "<group>";
		};
		CAF5A23D29E7EA42004C5110 /* dingerTests */ = {
			isa = PBXGroup;
			children = (
				CAF5A23E29E7EA42004C5110 /* dingerTests.swift */,
			);
			path = dingerTests;
			sourceTree = "<group>";
		};
		CAF5A24729E7EA42004C5110 /* dingerUITests */ = {
			isa = PBXGroup;
			children = (
				CAF5A24829E7EA42004C5110 /* dingerUITests.swift */,
				CAF5A24A29E7EA42004C5110 /* dingerUITestsLaunchTests.swift */,
			);
			path = dingerUITests;
			sourceTree = "<group>";
		};
		CAF5A25D29E810E1004C5110 /* CoreData */ = {
			isa = PBXGroup;
			children = (
				CAF5A23329E7EA41004C5110 /* dinger.xcdatamodeld */,
				CAF5A25929E810D8004C5110 /* Item+CoreDataClass.swift */,
				CAF5A25A29E810D8004C5110 /* Item+CoreDataProperties.swift */,
			);
			path = CoreData;
			sourceTree = "<group>";
		};
/* End PBXGroup section */

/* Begin PBXNativeTarget section */
		CAF5A22429E7EA3F004C5110 /* dinger */ = {
			isa = PBXNativeTarget;
			buildConfigurationList = CAF5A24E29E7EA42004C5110 /* Build configuration list for PBXNativeTarget "dinger" */;
			buildPhases = (
				CAF5A22129E7EA3F004C5110 /* Sources */,
				CAF5A22229E7EA3F004C5110 /* Frameworks */,
				CAF5A22329E7EA3F004C5110 /* Resources */,
			);
			buildRules = (
			);
			dependencies = (
			);
			name = dinger;
			productName = dinger;
			productReference = CAF5A22529E7EA3F004C5110 /* dinger.app */;
			productType = "com.apple.product-type.application";
		};
		CAF5A23929E7EA41004C5110 /* dingerTests */ = {
			isa = PBXNativeTarget;
			buildConfigurationList = CAF5A25129E7EA42004C5110 /* Build configuration list for PBXNativeTarget "dingerTests" */;
			buildPhases = (
				CAF5A23629E7EA41004C5110 /* Sources */,
				CAF5A23729E7EA41004C5110 /* Frameworks */,
				CAF5A23829E7EA41004C5110 /* Resources */,
			);
			buildRules = (
			);
			dependencies = (
				CAF5A23C29E7EA41004C5110 /* PBXTargetDependency */,
			);
			name = dingerTests;
			productName = dingerTests;
			productReference = CAF5A23A29E7EA41004C5110 /* dingerTests.xctest */;
			productType = "com.apple.product-type.bundle.unit-test";
		};
		CAF5A24329E7EA42004C5110 /* dingerUITests */ = {
			isa = PBXNativeTarget;
			buildConfigurationList = CAF5A25429E7EA42004C5110 /* Build configuration list for PBXNativeTarget "dingerUITests" */;
			buildPhases = (
				CAF5A24029E7EA42004C5110 /* Sources */,
				CAF5A24129E7EA42004C5110 /* Frameworks */,
				CAF5A24229E7EA42004C5110 /* Resources */,
			);
			buildRules = (
			);
			dependencies = (
				CAF5A24629E7EA42004C5110 /* PBXTargetDependency */,
			);
			name = dingerUITests;
			productName = dingerUITests;
			productReference = CAF5A24429E7EA42004C5110 /* dingerUITests.xctest */;
			productType = "com.apple.product-type.bundle.ui-testing";
		};
/* End PBXNativeTarget section */

/* Begin PBXProject section */
		CAF5A21D29E7EA3F004C5110 /* Project object */ = {
			isa = PBXProject;
			attributes = {
				BuildIndependentTargetsInParallel = 1;
				LastSwiftUpdateCheck = 1430;
				LastUpgradeCheck = 1430;
				TargetAttributes = {
					CAF5A22429E7EA3F004C5110 = {
						CreatedOnToolsVersion = 14.3;
					};
					CAF5A23929E7EA41004C5110 = {
						CreatedOnToolsVersion = 14.3;
						TestTargetID = CAF5A22429E7EA3F004C5110;
					};
					CAF5A24329E7EA42004C5110 = {
						CreatedOnToolsVersion = 14.3;
						TestTargetID = CAF5A22429E7EA3F004C5110;
					};
				};
			};
			buildConfigurationList = CAF5A22029E7EA3F004C5110 /* Build configuration list for PBXProject "dinger" */;
			compatibilityVersion = "Xcode 14.0";
			developmentRegion = en;
			hasScannedForEncodings = 0;
			knownRegions = (
				en,
				Base,
			);
			mainGroup = CAF5A21C29E7EA3F004C5110;
			productRefGroup = CAF5A22629E7EA3F004C5110 /* Products */;
			projectDirPath = "";
			projectRoot = "";
			targets = (
				CAF5A22429E7EA3F004C5110 /* dinger */,
				CAF5A23929E7EA41004C5110 /* dingerTests */,
				CAF5A24329E7EA42004C5110 /* dingerUITests */,
			);
		};
/* End PBXProject section */

/* Begin PBXResourcesBuildPhase section */
		CAF5A22329E7EA3F004C5110 /* Resources */ = {
			isa = PBXResourcesBuildPhase;
			buildActionMask = 2147483647;
			files = (
				CAF5A23029E7EA41004C5110 /* Preview Assets.xcassets in Resources */,
				CAF5A22D29E7EA41004C5110 /* Assets.xcassets in Resources */,
			);
			runOnlyForDeploymentPostprocessing = 0;
		};
		CAF5A23829E7EA41004C5110 /* Resources */ = {
			isa = PBXResourcesBuildPhase;
			buildActionMask = 2147483647;
			files = (
			);
			runOnlyForDeploymentPostprocessing = 0;
		};
		CAF5A24229E7EA42004C5110 /* Resources */ = {
			isa = PBXResourcesBuildPhase;
			buildActionMask = 2147483647;
			files = (
			);
			runOnlyForDeploymentPostprocessing = 0;
		};
/* End PBXResourcesBuildPhase section */

/* Begin PBXSourcesBuildPhase section */
		CAF5A22129E7EA3F004C5110 /* Sources */ = {
			isa = PBXSourcesBuildPhase;
			buildActionMask = 2147483647;
			files = (
				CAF5A25C29E810D8004C5110 /* Item+CoreDataProperties.swift in Sources */,
				CAF5A25B29E810D8004C5110 /* Item+CoreDataClass.swift in Sources */,
				CAF5A23529E7EA41004C5110 /* dinger.xcdatamodeld in Sources */,
				CAF5A23229E7EA41004C5110 /* Persistence.swift in Sources */,
				CAF5A22B29E7EA3F004C5110 /* ContentView.swift in Sources */,
				CAF5A22929E7EA3F004C5110 /* dingerApp.swift in Sources */,
				CAF5A25829E7FBDD004C5110 /* AddItemView.swift in Sources */,
			);
			runOnlyForDeploymentPostprocessing = 0;
		};
		CAF5A23629E7EA41004C5110 /* Sources */ = {
			isa = PBXSourcesBuildPhase;
			buildActionMask = 2147483647;
			files = (
				CAF5A23F29E7EA42004C5110 /* dingerTests.swift in Sources */,
			);
			runOnlyForDeploymentPostprocessing = 0;
		};
		CAF5A24029E7EA42004C5110 /* Sources */ = {
			isa = PBXSourcesBuildPhase;
			buildActionMask = 2147483647;
			files = (
				CAF5A24929E7EA42004C5110 /* dingerUITests.swift in Sources */,
				CAF5A24B29E7EA42004C5110 /* dingerUITestsLaunchTests.swift in Sources */,
			);
			runOnlyForDeploymentPostprocessing = 0;
		};
/* End PBXSourcesBuildPhase section */

/* Begin PBXTargetDependency section */
		CAF5A23C29E7EA41004C5110 /* PBXTargetDependency */ = {
			isa = PBXTargetDependency;
			target = CAF5A22429E7EA3F004C5110 /* dinger */;
			targetProxy = CAF5A23B29E7EA41004C5110 /* PBXContainerItemProxy */;
		};
		CAF5A24629E7EA42004C5110 /* PBXTargetDependency */ = {
			isa = PBXTargetDependency;
			target = CAF5A22429E7EA3F004C5110 /* dinger */;
			targetProxy = CAF5A24529E7EA42004C5110 /* PBXContainerItemProxy */;
		};
/* End PBXTargetDependency section */

/* Begin XCBuildConfiguration section */
		CAF5A24C29E7EA42004C5110 /* Debug */ = {
			isa = XCBuildConfiguration;
			buildSettings = {
				ALWAYS_SEARCH_USER_PATHS = NO;
				CLANG_ANALYZER_NONNULL = YES;
				CLANG_ANALYZER_NUMBER_OBJECT_CONVERSION = YES_AGGRESSIVE;
				CLANG_CXX_LANGUAGE_STANDARD = "gnu++20";
				CLANG_ENABLE_MODULES = YES;
				CLANG_ENABLE_OBJC_ARC = YES;
				CLANG_ENABLE_OBJC_WEAK = YES;
				CLANG_WARN_BLOCK_CAPTURE_AUTORELEASING = YES;
				CLANG_WARN_BOOL_CONVERSION = YES;
				CLANG_WARN_COMMA = YES;
				CLANG_WARN_CONSTANT_CONVERSION = YES;
				CLANG_WARN_DEPRECATED_OBJC_IMPLEMENTATIONS = YES;
				CLANG_WARN_DIRECT_OBJC_ISA_USAGE = YES_ERROR;
				CLANG_WARN_DOCUMENTATION_COMMENTS = YES;
				CLANG_WARN_EMPTY_BODY = YES;
				CLANG_WARN_ENUM_CONVERSION = YES;
				CLANG_WARN_INFINITE_RECURSION = YES;
				CLANG_WARN_INT_CONVERSION = YES;
				CLANG_WARN_NON_LITERAL_NULL_CONVERSION = YES;
				CLANG_WARN_OBJC_IMPLICIT_RETAIN_SELF = YES;
				CLANG_WARN_OBJC_LITERAL_CONVERSION = YES;
				CLANG_WARN_OBJC_ROOT_CLASS = YES_ERROR;
				CLANG_WARN_QUOTED_INCLUDE_IN_FRAMEWORK_HEADER = YES;
				CLANG_WARN_RANGE_LOOP_ANALYSIS = YES;
				CLANG_WARN_STRICT_PROTOTYPES = YES;
				CLANG_WARN_SUSPICIOUS_MOVE = YES;
				CLANG_WARN_UNGUARDED_AVAILABILITY = YES_AGGRESSIVE;
				CLANG_WARN_UNREACHABLE_CODE = YES;
				CLANG_WARN__DUPLICATE_METHOD_MATCH = YES;
				COPY_PHASE_STRIP = NO;
				DEBUG_INFORMATION_FORMAT = dwarf;
				ENABLE_STRICT_OBJC_MSGSEND = YES;
				ENABLE_TESTABILITY = YES;
				GCC_C_LANGUAGE_STANDARD = gnu11;
				GCC_DYNAMIC_NO_PIC = NO;
				GCC_NO_COMMON_BLOCKS = YES;
				GCC_OPTIMIZATION_LEVEL = 0;
				GCC_PREPROCESSOR_DEFINITIONS = (
					"DEBUG=1",
					"$(inherited)",
				);
				GCC_WARN_64_TO_32_BIT_CONVERSION = YES;
				GCC_WARN_ABOUT_RETURN_TYPE = YES_ERROR;
				GCC_WARN_UNDECLARED_SELECTOR = YES;
				GCC_WARN_UNINITIALIZED_AUTOS = YES_AGGRESSIVE;
				GCC_WARN_UNUSED_FUNCTION = YES;
				GCC_WARN_UNUSED_VARIABLE = YES;
				IPHONEOS_DEPLOYMENT_TARGET = 16.4;
				MTL_ENABLE_DEBUG_INFO = INCLUDE_SOURCE;
				MTL_FAST_MATH = YES;
				ONLY_ACTIVE_ARCH = YES;
				SDKROOT = iphoneos;
				SWIFT_ACTIVE_COMPILATION_CONDITIONS = DEBUG;
				SWIFT_OPTIMIZATION_LEVEL = "-Onone";
			};
			name = Debug;
		};
		CAF5A24D29E7EA42004C5110 /* Release */ = {
			isa = XCBuildConfiguration;
			buildSettings = {
				ALWAYS_SEARCH_USER_PATHS = NO;
				CLANG_ANALYZER_NONNULL = YES;
				CLANG_ANALYZER_NUMBER_OBJECT_CONVERSION = YES_AGGRESSIVE;
				CLANG_CXX_LANGUAGE_STANDARD = "gnu++20";
				CLANG_ENABLE_MODULES = YES;
				CLANG_ENABLE_OBJC_ARC = YES;
				CLANG_ENABLE_OBJC_WEAK = YES;
				CLANG_WARN_BLOCK_CAPTURE_AUTORELEASING = YES;
				CLANG_WARN_BOOL_CONVERSION = YES;
				CLANG_WARN_COMMA = YES;
				CLANG_WARN_CONSTANT_CONVERSION = YES;
				CLANG_WARN_DEPRECATED_OBJC_IMPLEMENTATIONS = YES;
				CLANG_WARN_DIRECT_OBJC_ISA_USAGE = YES_ERROR;
				CLANG_WARN_DOCUMENTATION_COMMENTS = YES;
				CLANG_WARN_EMPTY_BODY = YES;
				CLANG_WARN_ENUM_CONVERSION = YES;
				CLANG_WARN_INFINITE_RECURSION = YES;
				CLANG_WARN_INT_CONVERSION = YES;
				CLANG_WARN_NON_LITERAL_NULL_CONVERSION = YES;
				CLANG_WARN_OBJC_IMPLICIT_RETAIN_SELF = YES;
				CLANG_WARN_OBJC_LITERAL_CONVERSION = YES;
				CLANG_WARN_OBJC_ROOT_CLASS = YES_ERROR;
				CLANG_WARN_QUOTED_INCLUDE_IN_FRAMEWORK_HEADER = YES;
				CLANG_WARN_RANGE_LOOP_ANALYSIS = YES;
				CLANG_WARN_STRICT_PROTOTYPES = YES;
				CLANG_WARN_SUSPICIOUS_MOVE = YES;
				CLANG_WARN_UNGUARDED_AVAILABILITY = YES_AGGRESSIVE;
				CLANG_WARN_UNREACHABLE_CODE = YES;
				CLANG_WARN__DUPLICATE_METHOD_MATCH = YES;
				COPY_PHASE_STRIP = NO;
				DEBUG_INFORMATION_FORMAT = "dwarf-with-dsym";
				ENABLE_NS_ASSERTIONS = NO;
				ENABLE_STRICT_OBJC_MSGSEND = YES;
				GCC_C_LANGUAGE_STANDARD = gnu11;
				GCC_NO_COMMON_BLOCKS = YES;
				GCC_WARN_64_TO_32_BIT_CONVERSION = YES;
				GCC_WARN_ABOUT_RETURN_TYPE = YES_ERROR;
				GCC_WARN_UNDECLARED_SELECTOR = YES;
				GCC_WARN_UNINITIALIZED_AUTOS = YES_AGGRESSIVE;
				GCC_WARN_UNUSED_FUNCTION = YES;
				GCC_WARN_UNUSED_VARIABLE = YES;
				IPHONEOS_DEPLOYMENT_TARGET = 16.4;
				MTL_ENABLE_DEBUG_INFO = NO;
				MTL_FAST_MATH = YES;
				SDKROOT = iphoneos;
				SWIFT_COMPILATION_MODE = wholemodule;
				SWIFT_OPTIMIZATION_LEVEL = "-O";
				VALIDATE_PRODUCT = YES;
			};
			name = Release;
		};
		CAF5A24F29E7EA42004C5110 /* Debug */ = {
			isa = XCBuildConfiguration;
			buildSettings = {
				ASSETCATALOG_COMPILER_APPICON_NAME = AppIcon;
				ASSETCATALOG_COMPILER_GLOBAL_ACCENT_COLOR_NAME = AccentColor;
				CODE_SIGN_STYLE = Automatic;
				CURRENT_PROJECT_VERSION = 1;
				DEVELOPMENT_ASSET_PATHS = "\"dinger/Preview Content\"";
				DEVELOPMENT_TEAM = J8G8DUU33R;
				ENABLE_PREVIEWS = YES;
				GENERATE_INFOPLIST_FILE = YES;
				INFOPLIST_KEY_UIApplicationSceneManifest_Generation = YES;
				INFOPLIST_KEY_UIApplicationSupportsIndirectInputEvents = YES;
				INFOPLIST_KEY_UILaunchScreen_Generation = YES;
				INFOPLIST_KEY_UISupportedInterfaceOrientations_iPad = "UIInterfaceOrientationPortrait UIInterfaceOrientationPortraitUpsideDown UIInterfaceOrientationLandscapeLeft UIInterfaceOrientationLandscapeRight";
				INFOPLIST_KEY_UISupportedInterfaceOrientations_iPhone = "UIInterfaceOrientationPortrait UIInterfaceOrientationLandscapeLeft UIInterfaceOrientationLandscapeRight";
				IPHONEOS_DEPLOYMENT_TARGET = 16.0;
				LD_RUNPATH_SEARCH_PATHS = (
					"$(inherited)",
					"@executable_path/Frameworks",
				);
				MARKETING_VERSION = 1.0;
				PRODUCT_BUNDLE_IDENTIFIER = com.obs.dinger;
				PRODUCT_NAME = "$(TARGET_NAME)";
				SWIFT_EMIT_LOC_STRINGS = YES;
				SWIFT_VERSION = 5.0;
				TARGETED_DEVICE_FAMILY = "1,2";
			};
			name = Debug;
		};
		CAF5A25029E7EA42004C5110 /* Release */ = {
			isa = XCBuildConfiguration;
			buildSettings = {
				ASSETCATALOG_COMPILER_APPICON_NAME = AppIcon;
				ASSETCATALOG_COMPILER_GLOBAL_ACCENT_COLOR_NAME = AccentColor;
				CODE_SIGN_STYLE = Automatic;
				CURRENT_PROJECT_VERSION = 1;
				DEVELOPMENT_ASSET_PATHS = "\"dinger/Preview Content\"";
				DEVELOPMENT_TEAM = J8G8DUU33R;
				ENABLE_PREVIEWS = YES;
				GENERATE_INFOPLIST_FILE = YES;
				INFOPLIST_KEY_UIApplicationSceneManifest_Generation = YES;
				INFOPLIST_KEY_UIApplicationSupportsIndirectInputEvents = YES;
				INFOPLIST_KEY_UILaunchScreen_Generation = YES;
				INFOPLIST_KEY_UISupportedInterfaceOrientations_iPad = "UIInterfaceOrientationPortrait UIInterfaceOrientationPortraitUpsideDown UIInterfaceOrientationLandscapeLeft UIInterfaceOrientationLandscapeRight";
				INFOPLIST_KEY_UISupportedInterfaceOrientations_iPhone = "UIInterfaceOrientationPortrait UIInterfaceOrientationLandscapeLeft UIInterfaceOrientationLandscapeRight";
				IPHONEOS_DEPLOYMENT_TARGET = 16.0;
				LD_RUNPATH_SEARCH_PATHS = (
					"$(inherited)",
					"@executable_path/Frameworks",
				);
				MARKETING_VERSION = 1.0;
				PRODUCT_BUNDLE_IDENTIFIER = com.obs.dinger;
				PRODUCT_NAME = "$(TARGET_NAME)";
				SWIFT_EMIT_LOC_STRINGS = YES;
				SWIFT_VERSION = 5.0;
				TARGETED_DEVICE_FAMILY = "1,2";
			};
			name = Release;
		};
		CAF5A25229E7EA42004C5110 /* Debug */ = {
			isa = XCBuildConfiguration;
			buildSettings = {
				ALWAYS_EMBED_SWIFT_STANDARD_LIBRARIES = YES;
				BUNDLE_LOADER = "$(TEST_HOST)";
				CODE_SIGN_STYLE = Automatic;
				CURRENT_PROJECT_VERSION = 1;
				DEVELOPMENT_TEAM = J8G8DUU33R;
				GENERATE_INFOPLIST_FILE = YES;
				IPHONEOS_DEPLOYMENT_TARGET = 16.4;
				MARKETING_VERSION = 1.0;
				PRODUCT_BUNDLE_IDENTIFIER = com.obs.dingerTests;
				PRODUCT_NAME = "$(TARGET_NAME)";
				SWIFT_EMIT_LOC_STRINGS = NO;
				SWIFT_VERSION = 5.0;
				TARGETED_DEVICE_FAMILY = "1,2";
				TEST_HOST = "$(BUILT_PRODUCTS_DIR)/dinger.app/$(BUNDLE_EXECUTABLE_FOLDER_PATH)/dinger";
			};
			name = Debug;
		};
		CAF5A25329E7EA42004C5110 /* Release */ = {
			isa = XCBuildConfiguration;
			buildSettings = {
				ALWAYS_EMBED_SWIFT_STANDARD_LIBRARIES = YES;
				BUNDLE_LOADER = "$(TEST_HOST)";
				CODE_SIGN_STYLE = Automatic;
				CURRENT_PROJECT_VERSION = 1;
				DEVELOPMENT_TEAM = J8G8DUU33R;
				GENERATE_INFOPLIST_FILE = YES;
				IPHONEOS_DEPLOYMENT_TARGET = 16.4;
				MARKETING_VERSION = 1.0;
				PRODUCT_BUNDLE_IDENTIFIER = com.obs.dingerTests;
				PRODUCT_NAME = "$(TARGET_NAME)";
				SWIFT_EMIT_LOC_STRINGS = NO;
				SWIFT_VERSION = 5.0;
				TARGETED_DEVICE_FAMILY = "1,2";
				TEST_HOST = "$(BUILT_PRODUCTS_DIR)/dinger.app/$(BUNDLE_EXECUTABLE_FOLDER_PATH)/dinger";
			};
			name = Release;
		};
		CAF5A25529E7EA42004C5110 /* Debug */ = {
			isa = XCBuildConfiguration;
			buildSettings = {
				ALWAYS_EMBED_SWIFT_STANDARD_LIBRARIES = YES;
				CODE_SIGN_STYLE = Automatic;
				CURRENT_PROJECT_VERSION = 1;
				DEVELOPMENT_TEAM = J8G8DUU33R;
				GENERATE_INFOPLIST_FILE = YES;
				MARKETING_VERSION = 1.0;
				PRODUCT_BUNDLE_IDENTIFIER = com.obs.dingerUITests;
				PRODUCT_NAME = "$(TARGET_NAME)";
				SWIFT_EMIT_LOC_STRINGS = NO;
				SWIFT_VERSION = 5.0;
				TARGETED_DEVICE_FAMILY = "1,2";
				TEST_TARGET_NAME = dinger;
			};
			name = Debug;
		};
		CAF5A25629E7EA42004C5110 /* Release */ = {
			isa = XCBuildConfiguration;
			buildSettings = {
				ALWAYS_EMBED_SWIFT_STANDARD_LIBRARIES = YES;
				CODE_SIGN_STYLE = Automatic;
				CURRENT_PROJECT_VERSION = 1;
				DEVELOPMENT_TEAM = J8G8DUU33R;
				GENERATE_INFOPLIST_FILE = YES;
				MARKETING_VERSION = 1.0;
				PRODUCT_BUNDLE_IDENTIFIER = com.obs.dingerUITests;
				PRODUCT_NAME = "$(TARGET_NAME)";
				SWIFT_EMIT_LOC_STRINGS = NO;
				SWIFT_VERSION = 5.0;
				TARGETED_DEVICE_FAMILY = "1,2";
				TEST_TARGET_NAME = dinger;
			};
			name = Release;
		};
/* End XCBuildConfiguration section */

/* Begin XCConfigurationList section */
		CAF5A22029E7EA3F004C5110 /* Build configuration list for PBXProject "dinger" */ = {
			isa = XCConfigurationList;
			buildConfigurations = (
				CAF5A24C29E7EA42004C5110 /* Debug */,
				CAF5A24D29E7EA42004C5110 /* Release */,
			);
			defaultConfigurationIsVisible = 0;
			defaultConfigurationName = Release;
		};
		CAF5A24E29E7EA42004C5110 /* Build configuration list for PBXNativeTarget "dinger" */ = {
			isa = XCConfigurationList;
			buildConfigurations = (
				CAF5A24F29E7EA42004C5110 /* Debug */,
				CAF5A25029E7EA42004C5110 /* Release */,
			);
			defaultConfigurationIsVisible = 0;
			defaultConfigurationName = Release;
		};
		CAF5A25129E7EA42004C5110 /* Build configuration list for PBXNativeTarget "dingerTests" */ = {
			isa = XCConfigurationList;
			buildConfigurations = (
				CAF5A25229E7EA42004C5110 /* Debug */,
				CAF5A25329E7EA42004C5110 /* Release */,
			);
			defaultConfigurationIsVisible = 0;
			defaultConfigurationName = Release;
		};
		CAF5A25429E7EA42004C5110 /* Build configuration list for PBXNativeTarget "dingerUITests" */ = {
			isa = XCConfigurationList;
			buildConfigurations = (
				CAF5A25529E7EA42004C5110 /* Debug */,
				CAF5A25629E7EA42004C5110 /* Release */,
			);
			defaultConfigurationIsVisible = 0;
			defaultConfigurationName = Release;
		};
/* End XCConfigurationList section */

/* Begin XCVersionGroup section */
		CAF5A23329E7EA41004C5110 /* dinger.xcdatamodeld */ = {
			isa = XCVersionGroup;
			children = (
				CAF5A23429E7EA41004C5110 /* dinger.xcdatamodel */,
			);
			currentVersion = CAF5A23429E7EA41004C5110 /* dinger.xcdatamodel */;
			path = dinger.xcdatamodeld;
			sourceTree = "<group>";
			versionGroupType = wrapper.xcdatamodel;
		};
/* End XCVersionGroup section */
	};
	rootObject = CAF5A21D29E7EA3F004C5110 /* Project object */;
}
